{
  "name": "exiftest",
  "version": "1.0.0",
  "lockfileVersion": 1,
  "requires": true,
  "dependencies": {
    "commander": {
      "version": "3.0.1",
      "resolved": "https://registry.npmjs.org/commander/-/commander-3.0.1.tgz",
      "integrity": "sha512-UNgvDd+csKdc9GD4zjtkHKQbT8Aspt2jCBqNSPp53vAS0L1tS9sXB2TCEOPHJ7kt9bN/niWkYj8T3RQSoMXdSQ=="
    },
    "coordinates-conversion": {
      "version": "0.0.1-alpha.1",
      "resolved": "https://registry.npmjs.org/coordinates-conversion/-/coordinates-conversion-0.0.1-alpha.1.tgz",
      "integrity": "sha512-Laz3kDlwzv70zloKHsAR8uFDp/hcz+R+gZSDc1V2zu6Tm2SS3FdkiqM4BU+nYpn7ViIhxmqI1P8CQZwBbW79Vg=="
    },
    "csv-parse": {
      "version": "4.4.6",
      "resolved": "https://registry.npmjs.org/csv-parse/-/csv-parse-4.4.6.tgz",
      "integrity": "sha512-VisC5TBBhOF+70zjrF9FOiqI2LZOhXK/vAWlOrqyqz3lLa+P8jzJ7L/sg90MHmkSY/brAXWwrmGSZR0tM5yi4g=="
    },
    "formatcoords": {
      "version": "1.1.3",
      "resolved": "https://registry.npmjs.org/formatcoords/-/formatcoords-1.1.3.tgz",
      "integrity": "sha1-dS8FarL+NMHUrooZBIzgw44W7QM="
    },
    "luxon": {
      "version": "1.17.3",
      "resolved": "https://registry.npmjs.org/luxon/-/luxon-1.17.3.tgz",
      "integrity": "sha512-gG894ALYdWB3izyTGDypF6ffablXs5oleJLRNboL/xxYa0Dm5apXihaCnHecMXNqQ3vW1qjCCZ+fXAX5Azgx3Q=="
    },
    "moment": {
      "version": "2.24.0",
      "resolved": "https://registry.npmjs.org/moment/-/moment-2.24.0.tgz",
      "integrity": "sha512-bV7f+6l2QigeBBZSM/6yTNq4P2fNpSWj/0e7jQcy87A8e7o2nAfP/34/2ky5Vw4B9S446EtIhodAzkFCcR4dQg=="
    },
    "piexifjs": {
      "version": "1.0.6",
      "resolved": "https://registry.npmjs.org/piexifjs/-/piexifjs-1.0.6.tgz",
      "integrity": "sha512-0wVyH0cKohzBQ5Gi2V1BuxYpxWfxF3cSqfFXfPIpl5tl9XLS5z4ogqhUCD20AbHi0h9aJkqXNJnkVev6gwh2ag=="
    }
  }
}
