{
  "name": "exiftest",
  "version": "1.0.0",
  "lockfileVersion": 1,
  "requires": true,
  "dependencies": {
    "commander": {
      "version": "3.0.0",
      "resolved": "https://registry.npmjs.org/commander/-/commander-3.0.0.tgz",
      "integrity": "sha512-pl3QrGOBa9RZaslQiqnnKX2J068wcQw7j9AIaBQ9/JEp5RY6je4jKTImg0Bd+rpoONSe7GUFSgkxLeo17m3Pow=="
    },
    "csv-parse": {
      "version": "4.4.5",
      "resolved": "https://registry.npmjs.org/csv-parse/-/csv-parse-4.4.5.tgz",
      "integrity": "sha512-koPV9m9AjNJCK3ig4ErgRJalZsLxWI7NP0Fd3+CO9hgDZt3FSljTeESnfWTbyRc8qk/3/LgX1s5naDqLxiuK9w=="
    },
    "moment": {
      "version": "2.24.0",
      "resolved": "https://registry.npmjs.org/moment/-/moment-2.24.0.tgz",
      "integrity": "sha512-bV7f+6l2QigeBBZSM/6yTNq4P2fNpSWj/0e7jQcy87A8e7o2nAfP/34/2ky5Vw4B9S446EtIhodAzkFCcR4dQg=="
    },
    "piexifjs": {
      "version": "1.0.4",
      "resolved": "https://registry.npmjs.org/piexifjs/-/piexifjs-1.0.4.tgz",
      "integrity": "sha512-va6FOuTVWC2bbiC4WiKus8scuAWoqgM4XwnmtttKe3YkwakyqTvsYMyctkTZv9Ra/uK7EdjTlyIA2U8rSDuwOw=="
    }
  }
}
